// !$*UTF8*$!
{
	archiveVersion = 1;
	classes = {
	};
	objectVersion = 46;
	objects = {

/* Begin PBXBuildFile section */
		507BC33B8E86366820F5B297 /* Pods_IMChat.framework in Frameworks */ = {isa = PBXBuildFile; fileRef = 2E554F4C97BF8539D9E15C97 /* Pods_IMChat.framework */; };
		8477F4731E3788960015CB64 /* main.m in Sources */ = {isa = PBXBuildFile; fileRef = 8477F4721E3788960015CB64 /* main.m */; };
		8477F4761E3788960015CB64 /* AppDelegate.m in Sources */ = {isa = PBXBuildFile; fileRef = 8477F4751E3788960015CB64 /* AppDelegate.m */; };
		8477F4791E3788960015CB64 /* ViewController.m in Sources */ = {isa = PBXBuildFile; fileRef = 8477F4781E3788960015CB64 /* ViewController.m */; };
		8477F47C1E3788960015CB64 /* Main.storyboard in Resources */ = {isa = PBXBuildFile; fileRef = 8477F47A1E3788960015CB64 /* Main.storyboard */; };
		8477F47E1E3788960015CB64 /* Assets.xcassets in Resources */ = {isa = PBXBuildFile; fileRef = 8477F47D1E3788960015CB64 /* Assets.xcassets */; };
		8477F4811E3788960015CB64 /* LaunchScreen.storyboard in Resources */ = {isa = PBXBuildFile; fileRef = 8477F47F1E3788960015CB64 /* LaunchScreen.storyboard */; };
		8477F48C1E3788960015CB64 /* IMChatTests.m in Sources */ = {isa = PBXBuildFile; fileRef = 8477F48B1E3788960015CB64 /* IMChatTests.m */; };
		8477F4971E3788960015CB64 /* IMChatUITests.m in Sources */ = {isa = PBXBuildFile; fileRef = 8477F4961E3788960015CB64 /* IMChatUITests.m */; };
		84C1966D1E38DC2D00004AF2 /* MPConfigh.m in Sources */ = {isa = PBXBuildFile; fileRef = 84C1966C1E38DC2D00004AF2 /* MPConfigh.m */; };
		84C196731E38DFF100004AF2 /* RegisterViewController.m in Sources */ = {isa = PBXBuildFile; fileRef = 84C196711E38DFF100004AF2 /* RegisterViewController.m */; };
		84C196741E38DFF100004AF2 /* RegisterViewController.xib in Resources */ = {isa = PBXBuildFile; fileRef = 84C196721E38DFF100004AF2 /* RegisterViewController.xib */; };
		84C196781E38E00100004AF2 /* LoginViewController.m in Sources */ = {isa = PBXBuildFile; fileRef = 84C196761E38E00100004AF2 /* LoginViewController.m */; };
		84C196791E38E00100004AF2 /* LoginViewController.xib in Resources */ = {isa = PBXBuildFile; fileRef = 84C196771E38E00100004AF2 /* LoginViewController.xib */; };
		84C1967C1E38E58300004AF2 /* ConfigDelegate.m in Sources */ = {isa = PBXBuildFile; fileRef = 84C1967B1E38E58300004AF2 /* ConfigDelegate.m */; };
/* End PBXBuildFile section */

/* Begin PBXContainerItemProxy section */
		8477F4881E3788960015CB64 /* PBXContainerItemProxy */ = {
			isa = PBXContainerItemProxy;
			containerPortal = 8477F4661E3788960015CB64 /* Project object */;
			proxyType = 1;
			remoteGlobalIDString = 8477F46D1E3788960015CB64;
			remoteInfo = IMChat;
		};
		8477F4931E3788960015CB64 /* PBXContainerItemProxy */ = {
			isa = PBXContainerItemProxy;
			containerPortal = 8477F4661E3788960015CB64 /* Project object */;
			proxyType = 1;
			remoteGlobalIDString = 8477F46D1E3788960015CB64;
			remoteInfo = IMChat;
		};
/* End PBXContainerItemProxy section */

/* Begin PBXFileReference section */
		2E554F4C97BF8539D9E15C97 /* Pods_IMChat.framework */ = {isa = PBXFileReference; explicitFileType = wrapper.framework; includeInIndex = 0; path = Pods_IMChat.framework; sourceTree = BUILT_PRODUCTS_DIR; };
		7980EA99EC87056EBA147BAB /* Pods-IMChat.release.xcconfig */ = {isa = PBXFileReference; includeInIndex = 1; lastKnownFileType = text.xcconfig; name = "Pods-IMChat.release.xcconfig"; path = "Pods/Target Support Files/Pods-IMChat/Pods-IMChat.release.xcconfig"; sourceTree = "<group>"; };
		8477F46E1E3788960015CB64 /* IMChat.app */ = {isa = PBXFileReference; explicitFileType = wrapper.application; includeInIndex = 0; path = IMChat.app; sourceTree = BUILT_PRODUCTS_DIR; };
		8477F4721E3788960015CB64 /* main.m */ = {isa = PBXFileReference; lastKnownFileType = sourcecode.c.objc; path = main.m; sourceTree = "<group>"; };
		8477F4741E3788960015CB64 /* AppDelegate.h */ = {isa = PBXFileReference; lastKnownFileType = sourcecode.c.h; path = AppDelegate.h; sourceTree = "<group>"; };
		8477F4751E3788960015CB64 /* AppDelegate.m */ = {isa = PBXFileReference; lastKnownFileType = sourcecode.c.objc; path = AppDelegate.m; sourceTree = "<group>"; };
		8477F4771E3788960015CB64 /* ViewController.h */ = {isa = PBXFileReference; lastKnownFileType = sourcecode.c.h; path = ViewController.h; sourceTree = "<group>"; };
		8477F4781E3788960015CB64 /* ViewController.m */ = {isa = PBXFileReference; lastKnownFileType = sourcecode.c.objc; path = ViewController.m; sourceTree = "<group>"; };
		8477F47B1E3788960015CB64 /* Base */ = {isa = PBXFileReference; lastKnownFileType = file.storyboard; name = Base; path = Base.lproj/Main.storyboard; sourceTree = "<group>"; };
		8477F47D1E3788960015CB64 /* Assets.xcassets */ = {isa = PBXFileReference; lastKnownFileType = folder.assetcatalog; path = Assets.xcassets; sourceTree = "<group>"; };
		8477F4801E3788960015CB64 /* Base */ = {isa = PBXFileReference; lastKnownFileType = file.storyboard; name = Base; path = Base.lproj/LaunchScreen.storyboard; sourceTree = "<group>"; };
		8477F4821E3788960015CB64 /* Info.plist */ = {isa = PBXFileReference; lastKnownFileType = text.plist.xml; path = Info.plist; sourceTree = "<group>"; };
		8477F4871E3788960015CB64 /* IMChatTests.xctest */ = {isa = PBXFileReference; explicitFileType = wrapper.cfbundle; includeInIndex = 0; path = IMChatTests.xctest; sourceTree = BUILT_PRODUCTS_DIR; };
		8477F48B1E3788960015CB64 /* IMChatTests.m */ = {isa = PBXFileReference; lastKnownFileType = sourcecode.c.objc; path = IMChatTests.m; sourceTree = "<group>"; };
		8477F48D1E3788960015CB64 /* Info.plist */ = {isa = PBXFileReference; lastKnownFileType = text.plist.xml; path = Info.plist; sourceTree = "<group>"; };
		8477F4921E3788960015CB64 /* IMChatUITests.xctest */ = {isa = PBXFileReference; explicitFileType = wrapper.cfbundle; includeInIndex = 0; path = IMChatUITests.xctest; sourceTree = BUILT_PRODUCTS_DIR; };
		8477F4961E3788960015CB64 /* IMChatUITests.m */ = {isa = PBXFileReference; lastKnownFileType = sourcecode.c.objc; path = IMChatUITests.m; sourceTree = "<group>"; };
		8477F4981E3788960015CB64 /* Info.plist */ = {isa = PBXFileReference; lastKnownFileType = text.plist.xml; path = Info.plist; sourceTree = "<group>"; };
		84C1966B1E38DC2D00004AF2 /* MPConfigh.h */ = {isa = PBXFileReference; fileEncoding = 4; lastKnownFileType = sourcecode.c.h; path = MPConfigh.h; sourceTree = "<group>"; };
		84C1966C1E38DC2D00004AF2 /* MPConfigh.m */ = {isa = PBXFileReference; fileEncoding = 4; lastKnownFileType = sourcecode.c.objc; path = MPConfigh.m; sourceTree = "<group>"; };
		84C196701E38DFF100004AF2 /* RegisterViewController.h */ = {isa = PBXFileReference; fileEncoding = 4; lastKnownFileType = sourcecode.c.h; path = RegisterViewController.h; sourceTree = "<group>"; };
		84C196711E38DFF100004AF2 /* RegisterViewController.m */ = {isa = PBXFileReference; fileEncoding = 4; lastKnownFileType = sourcecode.c.objc; path = RegisterViewController.m; sourceTree = "<group>"; };
		84C196721E38DFF100004AF2 /* RegisterViewController.xib */ = {isa = PBXFileReference; fileEncoding = 4; lastKnownFileType = file.xib; path = RegisterViewController.xib; sourceTree = "<group>"; };
		84C196751E38E00100004AF2 /* LoginViewController.h */ = {isa = PBXFileReference; fileEncoding = 4; lastKnownFileType = sourcecode.c.h; path = LoginViewController.h; sourceTree = "<group>"; };
		84C196761E38E00100004AF2 /* LoginViewController.m */ = {isa = PBXFileReference; fileEncoding = 4; lastKnownFileType = sourcecode.c.objc; path = LoginViewController.m; sourceTree = "<group>"; };
		84C196771E38E00100004AF2 /* LoginViewController.xib */ = {isa = PBXFileReference; fileEncoding = 4; lastKnownFileType = file.xib; path = LoginViewController.xib; sourceTree = "<group>"; };
		84C1967A1E38E58300004AF2 /* ConfigDelegate.h */ = {isa = PBXFileReference; fileEncoding = 4; lastKnownFileType = sourcecode.c.h; path = ConfigDelegate.h; sourceTree = "<group>"; };
		84C1967B1E38E58300004AF2 /* ConfigDelegate.m */ = {isa = PBXFileReference; fileEncoding = 4; lastKnownFileType = sourcecode.c.objc; path = ConfigDelegate.m; sourceTree = "<group>"; };
		C03ED06047ED8F9DF8A65A4B /* Pods-IMChat.debug.xcconfig */ = {isa = PBXFileReference; includeInIndex = 1; lastKnownFileType = text.xcconfig; name = "Pods-IMChat.debug.xcconfig"; path = "Pods/Target Support Files/Pods-IMChat/Pods-IMChat.debug.xcconfig"; sourceTree = "<group>"; };
/* End PBXFileReference section */

/* Begin PBXFrameworksBuildPhase section */
		8477F46B1E3788960015CB64 /* Frameworks */ = {
			isa = PBXFrameworksBuildPhase;
			buildActionMask = 2147483647;
			files = (
				507BC33B8E86366820F5B297 /* Pods_IMChat.framework in Frameworks */,
			);
			runOnlyForDeploymentPostprocessing = 0;
		};
		8477F4841E3788960015CB64 /* Frameworks */ = {
			isa = PBXFrameworksBuildPhase;
			buildActionMask = 2147483647;
			files = (
			);
			runOnlyForDeploymentPostprocessing = 0;
		};
		8477F48F1E3788960015CB64 /* Frameworks */ = {
			isa = PBXFrameworksBuildPhase;
			buildActionMask = 2147483647;
			files = (
			);
			runOnlyForDeploymentPostprocessing = 0;
		};
/* End PBXFrameworksBuildPhase section */

/* Begin PBXGroup section */
		49ECB48B3CA87330F765C01F /* Pods */ = {
			isa = PBXGroup;
			children = (
				C03ED06047ED8F9DF8A65A4B /* Pods-IMChat.debug.xcconfig */,
				7980EA99EC87056EBA147BAB /* Pods-IMChat.release.xcconfig */,
			);
			name = Pods;
			sourceTree = "<group>";
		};
		8477F4651E3788960015CB64 = {
			isa = PBXGroup;
			children = (
				84C1966F1E38DFD400004AF2 /* Register */,
				84C1966E1E38DFC600004AF2 /* Login */,
				84C1966A1E38DBF300004AF2 /* publics */,
				8477F4701E3788960015CB64 /* IMChat */,
				8477F48A1E3788960015CB64 /* IMChatTests */,
				8477F4951E3788960015CB64 /* IMChatUITests */,
				8477F46F1E3788960015CB64 /* Products */,
				49ECB48B3CA87330F765C01F /* Pods */,
				B1CFC35CEA1D5D12752C7C2A /* Frameworks */,
			);
			sourceTree = "<group>";
		};
		8477F46F1E3788960015CB64 /* Products */ = {
			isa = PBXGroup;
			children = (
				8477F46E1E3788960015CB64 /* IMChat.app */,
				8477F4871E3788960015CB64 /* IMChatTests.xctest */,
				8477F4921E3788960015CB64 /* IMChatUITests.xctest */,
			);
			name = Products;
			sourceTree = "<group>";
		};
		8477F4701E3788960015CB64 /* IMChat */ = {
			isa = PBXGroup;
			children = (
				8477F4741E3788960015CB64 /* AppDelegate.h */,
				8477F4751E3788960015CB64 /* AppDelegate.m */,
				8477F4771E3788960015CB64 /* ViewController.h */,
				8477F4781E3788960015CB64 /* ViewController.m */,
				8477F47A1E3788960015CB64 /* Main.storyboard */,
				8477F47D1E3788960015CB64 /* Assets.xcassets */,
				8477F47F1E3788960015CB64 /* LaunchScreen.storyboard */,
				8477F4821E3788960015CB64 /* Info.plist */,
				8477F4711E3788960015CB64 /* Supporting Files */,
			);
			path = IMChat;
			sourceTree = "<group>";
		};
		8477F4711E3788960015CB64 /* Supporting Files */ = {
			isa = PBXGroup;
			children = (
				8477F4721E3788960015CB64 /* main.m */,
			);
			name = "Supporting Files";
			sourceTree = "<group>";
		};
		8477F48A1E3788960015CB64 /* IMChatTests */ = {
			isa = PBXGroup;
			children = (
				8477F48B1E3788960015CB64 /* IMChatTests.m */,
				8477F48D1E3788960015CB64 /* Info.plist */,
			);
			path = IMChatTests;
			sourceTree = "<group>";
		};
		8477F4951E3788960015CB64 /* IMChatUITests */ = {
			isa = PBXGroup;
			children = (
				8477F4961E3788960015CB64 /* IMChatUITests.m */,
				8477F4981E3788960015CB64 /* Info.plist */,
			);
			path = IMChatUITests;
			sourceTree = "<group>";
		};
		84C1966A1E38DBF300004AF2 /* publics */ = {
			isa = PBXGroup;
			children = (
				84C1966B1E38DC2D00004AF2 /* MPConfigh.h */,
				84C1967A1E38E58300004AF2 /* ConfigDelegate.h */,
				84C1967B1E38E58300004AF2 /* ConfigDelegate.m */,
				84C1966C1E38DC2D00004AF2 /* MPConfigh.m */,
			);
			name = publics;
			sourceTree = "<group>";
		};
		84C1966E1E38DFC600004AF2 /* Login */ = {
			isa = PBXGroup;
			children = (
				84C196751E38E00100004AF2 /* LoginViewController.h */,
				84C196761E38E00100004AF2 /* LoginViewController.m */,
				84C196771E38E00100004AF2 /* LoginViewController.xib */,
			);
			name = Login;
			sourceTree = "<group>";
		};
		84C1966F1E38DFD400004AF2 /* Register */ = {
			isa = PBXGroup;
			children = (
				84C196701E38DFF100004AF2 /* RegisterViewController.h */,
				84C196711E38DFF100004AF2 /* RegisterViewController.m */,
				84C196721E38DFF100004AF2 /* RegisterViewController.xib */,
			);
			name = Register;
			sourceTree = "<group>";
		};
		B1CFC35CEA1D5D12752C7C2A /* Frameworks */ = {
			isa = PBXGroup;
			children = (
				2E554F4C97BF8539D9E15C97 /* Pods_IMChat.framework */,
			);
			name = Frameworks;
			sourceTree = "<group>";
		};
/* End PBXGroup section */

/* Begin PBXNativeTarget section */
		8477F46D1E3788960015CB64 /* IMChat */ = {
			isa = PBXNativeTarget;
			buildConfigurationList = 8477F49B1E3788960015CB64 /* Build configuration list for PBXNativeTarget "IMChat" */;
			buildPhases = (
				4CAE52AD73C188D79C3F7831 /* [CP] Check Pods Manifest.lock */,
				8477F46A1E3788960015CB64 /* Sources */,
				8477F46B1E3788960015CB64 /* Frameworks */,
				8477F46C1E3788960015CB64 /* Resources */,
				27FD83A2E406D5B2B5C9750E /* [CP] Embed Pods Frameworks */,
				EE4D84B8DA8696884F41B2D6 /* [CP] Copy Pods Resources */,
			);
			buildRules = (
			);
			dependencies = (
			);
			name = IMChat;
			productName = IMChat;
			productReference = 8477F46E1E3788960015CB64 /* IMChat.app */;
			productType = "com.apple.product-type.application";
		};
		8477F4861E3788960015CB64 /* IMChatTests */ = {
			isa = PBXNativeTarget;
			buildConfigurationList = 8477F49E1E3788960015CB64 /* Build configuration list for PBXNativeTarget "IMChatTests" */;
			buildPhases = (
				8477F4831E3788960015CB64 /* Sources */,
				8477F4841E3788960015CB64 /* Frameworks */,
				8477F4851E3788960015CB64 /* Resources */,
			);
			buildRules = (
			);
			dependencies = (
				8477F4891E3788960015CB64 /* PBXTargetDependency */,
			);
			name = IMChatTests;
			productName = IMChatTests;
			productReference = 8477F4871E3788960015CB64 /* IMChatTests.xctest */;
			productType = "com.apple.product-type.bundle.unit-test";
		};
		8477F4911E3788960015CB64 /* IMChatUITests */ = {
			isa = PBXNativeTarget;
			buildConfigurationList = 8477F4A11E3788960015CB64 /* Build configuration list for PBXNativeTarget "IMChatUITests" */;
			buildPhases = (
				8477F48E1E3788960015CB64 /* Sources */,
				8477F48F1E3788960015CB64 /* Frameworks */,
				8477F4901E3788960015CB64 /* Resources */,
			);
			buildRules = (
			);
			dependencies = (
				8477F4941E3788960015CB64 /* PBXTargetDependency */,
			);
			name = IMChatUITests;
			productName = IMChatUITests;
			productReference = 8477F4921E3788960015CB64 /* IMChatUITests.xctest */;
			productType = "com.apple.product-type.bundle.ui-testing";
		};
/* End PBXNativeTarget section */

/* Begin PBXProject section */
		8477F4661E3788960015CB64 /* Project object */ = {
			isa = PBXProject;
			attributes = {
				LastUpgradeCheck = 0730;
				ORGANIZATIONNAME = admin;
				TargetAttributes = {
					8477F46D1E3788960015CB64 = {
						CreatedOnToolsVersion = 7.3.1;
					};
					8477F4861E3788960015CB64 = {
						CreatedOnToolsVersion = 7.3.1;
						TestTargetID = 8477F46D1E3788960015CB64;
					};
					8477F4911E3788960015CB64 = {
						CreatedOnToolsVersion = 7.3.1;
						TestTargetID = 8477F46D1E3788960015CB64;
					};
				};
			};
			buildConfigurationList = 8477F4691E3788960015CB64 /* Build configuration list for PBXProject "IMChat" */;
			compatibilityVersion = "Xcode 3.2";
			developmentRegion = English;
			hasScannedForEncodings = 0;
			knownRegions = (
				en,
				Base,
			);
			mainGroup = 8477F4651E3788960015CB64;
			productRefGroup = 8477F46F1E3788960015CB64 /* Products */;
			projectDirPath = "";
			projectRoot = "";
			targets = (
				8477F46D1E3788960015CB64 /* IMChat */,
				8477F4861E3788960015CB64 /* IMChatTests */,
				8477F4911E3788960015CB64 /* IMChatUITests */,
			);
		};
/* End PBXProject section */

/* Begin PBXResourcesBuildPhase section */
		8477F46C1E3788960015CB64 /* Resources */ = {
			isa = PBXResourcesBuildPhase;
			buildActionMask = 2147483647;
			files = (
				84C196791E38E00100004AF2 /* LoginViewController.xib in Resources */,
				8477F4811E3788960015CB64 /* LaunchScreen.storyboard in Resources */,
				8477F47E1E3788960015CB64 /* Assets.xcassets in Resources */,
				8477F47C1E3788960015CB64 /* Main.storyboard in Resources */,
				84C196741E38DFF100004AF2 /* RegisterViewController.xib in Resources */,
			);
			runOnlyForDeploymentPostprocessing = 0;
		};
		8477F4851E3788960015CB64 /* Resources */ = {
			isa = PBXResourcesBuildPhase;
			buildActionMask = 2147483647;
			files = (
			);
			runOnlyForDeploymentPostprocessing = 0;
		};
		8477F4901E3788960015CB64 /* Resources */ = {
			isa = PBXResourcesBuildPhase;
			buildActionMask = 2147483647;
			files = (
			);
			runOnlyForDeploymentPostprocessing = 0;
		};
/* End PBXResourcesBuildPhase section */

/* Begin PBXShellScriptBuildPhase section */
		27FD83A2E406D5B2B5C9750E /* [CP] Embed Pods Frameworks */ = {
			isa = PBXShellScriptBuildPhase;
			buildActionMask = 2147483647;
			files = (
			);
			inputPaths = (
			);
			name = "[CP] Embed Pods Frameworks";
			outputPaths = (
			);
			runOnlyForDeploymentPostprocessing = 0;
			shellPath = /bin/sh;
			shellScript = "\"${SRCROOT}/Pods/Target Support Files/Pods-IMChat/Pods-IMChat-frameworks.sh\"\n";
			showEnvVarsInLog = 0;
		};
		4CAE52AD73C188D79C3F7831 /* [CP] Check Pods Manifest.lock */ = {
			isa = PBXShellScriptBuildPhase;
			buildActionMask = 2147483647;
			files = (
			);
			inputPaths = (
			);
			name = "[CP] Check Pods Manifest.lock";
			outputPaths = (
			);
			runOnlyForDeploymentPostprocessing = 0;
			shellPath = /bin/sh;
			shellScript = "diff \"${PODS_ROOT}/../Podfile.lock\" \"${PODS_ROOT}/Manifest.lock\" > /dev/null\nif [ $? != 0 ] ; then\n    # print error to STDERR\n    echo \"error: The sandbox is not in sync with the Podfile.lock. Run 'pod install' or update your CocoaPods installation.\" >&2\n    exit 1\nfi\n";
			showEnvVarsInLog = 0;
		};
		EE4D84B8DA8696884F41B2D6 /* [CP] Copy Pods Resources */ = {
			isa = PBXShellScriptBuildPhase;
			buildActionMask = 2147483647;
			files = (
			);
			inputPaths = (
			);
			name = "[CP] Copy Pods Resources";
			outputPaths = (
			);
			runOnlyForDeploymentPostprocessing = 0;
			shellPath = /bin/sh;
			shellScript = "\"${SRCROOT}/Pods/Target Support Files/Pods-IMChat/Pods-IMChat-resources.sh\"\n";
			showEnvVarsInLog = 0;
		};
/* End PBXShellScriptBuildPhase section */

/* Begin PBXSourcesBuildPhase section */
		8477F46A1E3788960015CB64 /* Sources */ = {
			isa = PBXSourcesBuildPhase;
			buildActionMask = 2147483647;
			files = (
				84C1967C1E38E58300004AF2 /* ConfigDelegate.m in Sources */,
				84C196731E38DFF100004AF2 /* RegisterViewController.m in Sources */,
				8477F4791E3788960015CB64 /* ViewController.m in Sources */,
				84C196781E38E00100004AF2 /* LoginViewController.m in Sources */,
				84C1966D1E38DC2D00004AF2 /* MPConfigh.m in Sources */,
				8477F4761E3788960015CB64 /* AppDelegate.m in Sources */,
				8477F4731E3788960015CB64 /* main.m in Sources */,
			);
			runOnlyForDeploymentPostprocessing = 0;
		};
		8477F4831E3788960015CB64 /* Sources */ = {
			isa = PBXSourcesBuildPhase;
			buildActionMask = 2147483647;
			files = (
				8477F48C1E3788960015CB64 /* IMChatTests.m in Sources */,
			);
			runOnlyForDeploymentPostprocessing = 0;
		};
		8477F48E1E3788960015CB64 /* Sources */ = {
			isa = PBXSourcesBuildPhase;
			buildActionMask = 2147483647;
			files = (
				8477F4971E3788960015CB64 /* IMChatUITests.m in Sources */,
			);
			runOnlyForDeploymentPostprocessing = 0;
		};
/* End PBXSourcesBuildPhase section */

/* Begin PBXTargetDependency section */
		8477F4891E3788960015CB64 /* PBXTargetDependency */ = {
			isa = PBXTargetDependency;
			target = 8477F46D1E3788960015CB64 /* IMChat */;
			targetProxy = 8477F4881E3788960015CB64 /* PBXContainerItemProxy */;
		};
		8477F4941E3788960015CB64 /* PBXTargetDependency */ = {
			isa = PBXTargetDependency;
			target = 8477F46D1E3788960015CB64 /* IMChat */;
			targetProxy = 8477F4931E3788960015CB64 /* PBXContainerItemProxy */;
		};
/* End PBXTargetDependency section */

/* Begin PBXVariantGroup section */
		8477F47A1E3788960015CB64 /* Main.storyboard */ = {
			isa = PBXVariantGroup;
			children = (
				8477F47B1E3788960015CB64 /* Base */,
			);
			name = Main.storyboard;
			sourceTree = "<group>";
		};
		8477F47F1E3788960015CB64 /* LaunchScreen.storyboard */ = {
			isa = PBXVariantGroup;
			children = (
				8477F4801E3788960015CB64 /* Base */,
			);
			name = LaunchScreen.storyboard;
			sourceTree = "<group>";
		};
/* End PBXVariantGroup section */

/* Begin XCBuildConfiguration section */
		8477F4991E3788960015CB64 /* Debug */ = {
			isa = XCBuildConfiguration;
			buildSettings = {
				ALWAYS_SEARCH_USER_PATHS = NO;
				CLANG_ANALYZER_NONNULL = YES;
				CLANG_CXX_LANGUAGE_STANDARD = "gnu++0x";
				CLANG_CXX_LIBRARY = "libc++";
				CLANG_ENABLE_MODULES = YES;
				CLANG_ENABLE_OBJC_ARC = YES;
				CLANG_WARN_BOOL_CONVERSION = YES;
				CLANG_WARN_CONSTANT_CONVERSION = YES;
				CLANG_WARN_DIRECT_OBJC_ISA_USAGE = YES_ERROR;
				CLANG_WARN_EMPTY_BODY = YES;
				CLANG_WARN_ENUM_CONVERSION = YES;
				CLANG_WARN_INT_CONVERSION = YES;
				CLANG_WARN_OBJC_ROOT_CLASS = YES_ERROR;
				CLANG_WARN_UNREACHABLE_CODE = YES;
				CLANG_WARN__DUPLICATE_METHOD_MATCH = YES;
				"CODE_SIGN_IDENTITY[sdk=iphoneos*]" = "iPhone Developer";
				COPY_PHASE_STRIP = NO;
				DEBUG_INFORMATION_FORMAT = dwarf;
				ENABLE_STRICT_OBJC_MSGSEND = YES;
				ENABLE_TESTABILITY = YES;
				GCC_C_LANGUAGE_STANDARD = gnu99;
				GCC_DYNAMIC_NO_PIC = NO;
				GCC_NO_COMMON_BLOCKS = YES;
				GCC_OPTIMIZATION_LEVEL = 0;
				GCC_PREPROCESSOR_DEFINITIONS = (
					"DEBUG=1",
					"$(inherited)",
				);
				GCC_WARN_64_TO_32_BIT_CONVERSION = YES;
				GCC_WARN_ABOUT_RETURN_TYPE = YES_ERROR;
				GCC_WARN_UNDECLARED_SELECTOR = YES;
				GCC_WARN_UNINITIALIZED_AUTOS = YES_AGGRESSIVE;
				GCC_WARN_UNUSED_FUNCTION = YES;
				GCC_WARN_UNUSED_VARIABLE = YES;
				IPHONEOS_DEPLOYMENT_TARGET = 9.3;
				MTL_ENABLE_DEBUG_INFO = YES;
				ONLY_ACTIVE_ARCH = YES;
				SDKROOT = iphoneos;
				TARGETED_DEVICE_FAMILY = "1,2";
			};
			name = Debug;
		};
		8477F49A1E3788960015CB64 /* Release */ = {
			isa = XCBuildConfiguration;
			buildSettings = {
				ALWAYS_SEARCH_USER_PATHS = NO;
				CLANG_ANALYZER_NONNULL = YES;
				CLANG_CXX_LANGUAGE_STANDARD = "gnu++0x";
				CLANG_CXX_LIBRARY = "libc++";
				CLANG_ENABLE_MODULES = YES;
				CLANG_ENABLE_OBJC_ARC = YES;
				CLANG_WARN_BOOL_CONVERSION = YES;
				CLANG_WARN_CONSTANT_CONVERSION = YES;
				CLANG_WARN_DIRECT_OBJC_ISA_USAGE = YES_ERROR;
				CLANG_WARN_EMPTY_BODY = YES;
				CLANG_WARN_ENUM_CONVERSION = YES;
				CLANG_WARN_INT_CONVERSION = YES;
				CLANG_WARN_OBJC_ROOT_CLASS = YES_ERROR;
				CLANG_WARN_UNREACHABLE_CODE = YES;
				CLANG_WARN__DUPLICATE_METHOD_MATCH = YES;
				"CODE_SIGN_IDENTITY[sdk=iphoneos*]" = "iPhone Developer";
				COPY_PHASE_STRIP = NO;
				DEBUG_INFORMATION_FORMAT = "dwarf-with-dsym";
				ENABLE_NS_ASSERTIONS = NO;
				ENABLE_STRICT_OBJC_MSGSEND = YES;
				GCC_C_LANGUAGE_STANDARD = gnu99;
				GCC_NO_COMMON_BLOCKS = YES;
				GCC_WARN_64_TO_32_BIT_CONVERSION = YES;
				GCC_WARN_ABOUT_RETURN_TYPE = YES_ERROR;
				GCC_WARN_UNDECLARED_SELECTOR = YES;
				GCC_WARN_UNINITIALIZED_AUTOS = YES_AGGRESSIVE;
				GCC_WARN_UNUSED_FUNCTION = YES;
				GCC_WARN_UNUSED_VARIABLE = YES;
				IPHONEOS_DEPLOYMENT_TARGET = 9.3;
				MTL_ENABLE_DEBUG_INFO = NO;
				SDKROOT = iphoneos;
				TARGETED_DEVICE_FAMILY = "1,2";
				VALIDATE_PRODUCT = YES;
			};
			name = Release;
		};
		8477F49C1E3788960015CB64 /* Debug */ = {
			isa = XCBuildConfiguration;
			baseConfigurationReference = C03ED06047ED8F9DF8A65A4B /* Pods-IMChat.debug.xcconfig */;
			buildSettings = {
				ASSETCATALOG_COMPILER_APPICON_NAME = AppIcon;
				INFOPLIST_FILE = IMChat/Info.plist;
				LD_RUNPATH_SEARCH_PATHS = "$(inherited) @executable_path/Frameworks";
				PRODUCT_BUNDLE_IDENTIFIER = mapeng.IMChat;
				PRODUCT_NAME = "$(TARGET_NAME)";
			};
			name = Debug;
		};
		8477F49D1E3788960015CB64 /* Release */ = {
			isa = XCBuildConfiguration;
			baseConfigurationReference = 7980EA99EC87056EBA147BAB /* Pods-IMChat.release.xcconfig */;
			buildSettings = {
				ASSETCATALOG_COMPILER_APPICON_NAME = AppIcon;
				INFOPLIST_FILE = IMChat/Info.plist;
				LD_RUNPATH_SEARCH_PATHS = "$(inherited) @executable_path/Frameworks";
				PRODUCT_BUNDLE_IDENTIFIER = mapeng.IMChat;
				PRODUCT_NAME = "$(TARGET_NAME)";
			};
			name = Release;
		};
		8477F49F1E3788960015CB64 /* Debug */ = {
			isa = XCBuildConfiguration;
			buildSettings = {
				BUNDLE_LOADER = "$(TEST_HOST)";
				INFOPLIST_FILE = IMChatTests/Info.plist;
				LD_RUNPATH_SEARCH_PATHS = "$(inherited) @executable_path/Frameworks @loader_path/Frameworks";
				PRODUCT_BUNDLE_IDENTIFIER = mapeng.IMChatTests;
				PRODUCT_NAME = "$(TARGET_NAME)";
				TEST_HOST = "$(BUILT_PRODUCTS_DIR)/IMChat.app/IMChat";
			};
			name = Debug;
		};
		8477F4A01E3788960015CB64 /* Release */ = {
			isa = XCBuildConfiguration;
			buildSettings = {
				BUNDLE_LOADER = "$(TEST_HOST)";
				INFOPLIST_FILE = IMChatTests/Info.plist;
				LD_RUNPATH_SEARCH_PATHS = "$(inherited) @executable_path/Frameworks @loader_path/Frameworks";
				PRODUCT_BUNDLE_IDENTIFIER = mapeng.IMChatTests;
				PRODUCT_NAME = "$(TARGET_NAME)";
				TEST_HOST = "$(BUILT_PRODUCTS_DIR)/IMChat.app/IMChat";
			};
			name = Release;
		};
		8477F4A21E3788960015CB64 /* Debug */ = {
			isa = XCBuildConfiguration;
			buildSettings = {
				INFOPLIST_FILE = IMChatUITests/Info.plist;
				LD_RUNPATH_SEARCH_PATHS = "$(inherited) @executable_path/Frameworks @loader_path/Frameworks";
				PRODUCT_BUNDLE_IDENTIFIER = mapeng.IMChatUITests;
				PRODUCT_NAME = "$(TARGET_NAME)";
				TEST_TARGET_NAME = IMChat;
			};
			name = Debug;
		};
		8477F4A31E3788960015CB64 /* Release */ = {
			isa = XCBuildConfiguration;
			buildSettings = {
				INFOPLIST_FILE = IMChatUITests/Info.plist;
				LD_RUNPATH_SEARCH_PATHS = "$(inherited) @executable_path/Frameworks @loader_path/Frameworks";
				PRODUCT_BUNDLE_IDENTIFIER = mapeng.IMChatUITests;
				PRODUCT_NAME = "$(TARGET_NAME)";
				TEST_TARGET_NAME = IMChat;
			};
			name = Release;
		};
/* End XCBuildConfiguration section */

/* Begin XCConfigurationList section */
		8477F4691E3788960015CB64 /* Build configuration list for PBXProject "IMChat" */ = {
			isa = XCConfigurationList;
			buildConfigurations = (
				8477F4991E3788960015CB64 /* Debug */,
				8477F49A1E3788960015CB64 /* Release */,
			);
			defaultConfigurationIsVisible = 0;
			defaultConfigurationName = Release;
		};
		8477F49B1E3788960015CB64 /* Build configuration list for PBXNativeTarget "IMChat" */ = {
			isa = XCConfigurationList;
			buildConfigurations = (
				8477F49C1E3788960015CB64 /* Debug */,
				8477F49D1E3788960015CB64 /* Release */,
			);
			defaultConfigurationIsVisible = 0;
			defaultConfigurationName = Release;
		};
		8477F49E1E3788960015CB64 /* Build configuration list for PBXNativeTarget "IMChatTests" */ = {
			isa = XCConfigurationList;
			buildConfigurations = (
				8477F49F1E3788960015CB64 /* Debug */,
				8477F4A01E3788960015CB64 /* Release */,
			);
			defaultConfigurationIsVisible = 0;
			defaultConfigurationName = Release;
		};
		8477F4A11E3788960015CB64 /* Build configuration list for PBXNativeTarget "IMChatUITests" */ = {
			isa = XCConfigurationList;
			buildConfigurations = (
				8477F4A21E3788960015CB64 /* Debug */,
				8477F4A31E3788960015CB64 /* Release */,
			);
			defaultConfigurationIsVisible = 0;
			defaultConfigurationName = Release;
		};
/* End XCConfigurationList section */
	};
	rootObject = 8477F4661E3788960015CB64 /* Project object */;
}
